
Microsoft Visual Studio Solution File, Format Version 12.00
# Visual Studio Version 16
VisualStudioVersion = 16.0.32630.194
MinimumVisualStudioVersion = 10.0.40219.1
Project("{FAE04EC0-301F-11D3-BF4B-00C04F79EFBC}") = "stajdenemeuygulaması", "stajdenemeuygulaması\stajdenemeuygulaması.csproj", "{58C21247-1311-492B-94E2-B3C7BD0923A8}"
EndProject
Global
	GlobalSection(SolutionConfigurationPlatforms) = preSolution
		Debug|Any CPU = Debug|Any CPU
		Release|Any CPU = Release|Any CPU
	EndGlobalSection
	GlobalSection(ProjectConfigurationPlatforms) = postSolution
		{58C21247-1311-492B-94E2-B3C7BD0923A8}.Debug|Any CPU.ActiveCfg = Debug|Any CPU
		{58C21247-1311-492B-94E2-B3C7BD0923A8}.Debug|Any CPU.Build.0 = Debug|Any CPU
		{58C21247-1311-492B-94E2-B3C7BD0923A8}.Release|Any CPU.ActiveCfg = Release|Any CPU
		{58C21247-1311-492B-94E2-B3C7BD0923A8}.Release|Any CPU.Build.0 = Release|Any CPU
	EndGlobalSection
	GlobalSection(SolutionProperties) = preSolution
		HideSolutionNode = FALSE
	EndGlobalSection
	GlobalSection(ExtensibilityGlobals) = postSolution
		SolutionGuid = {C94B5900-2E3A-418A-B426-FA234AFF9CCF}
	EndGlobalSection
EndGlobal
